
Microsoft Visual Studio Solution File, Format Version 12.00
# Visual Studio Version 17
VisualStudioVersion = 17.13.35828.75
MinimumVisualStudioVersion = 10.0.40219.1
Project("{2150E333-8FDC-42A3-9474-1A3956D46DE8}") = "src", "src", "{02EA681E-C7D8-13C7-8484-4AC65E1B71E8}"
EndProject
Project("{FAE04EC0-301F-11D3-BF4B-00C04F79EFBC}") = "Poolz.Finance.CSharp.TheGraph", "src\Poolz.Finance.CSharp.TheGraph\Poolz.Finance.CSharp.TheGraph.csproj", "{5C2D3CF8-272D-CF54-F618-E442B08E2F64}"
EndProject
Project("{FAE04EC0-301F-11D3-BF4B-00C04F79EFBC}") = "Poolz.Finance.CSharp.TheGraph.Generator", "src\Poolz.Finance.CSharp.TheGraph.Generator\Poolz.Finance.CSharp.TheGraph.Generator.csproj", "{CE9A9E54-E46C-4A69-929F-17870DA081DA}"
EndProject
Global
	GlobalSection(SolutionConfigurationPlatforms) = preSolution
		Debug|Any CPU = Debug|Any CPU
		Release|Any CPU = Release|Any CPU
	EndGlobalSection
	GlobalSection(ProjectConfigurationPlatforms) = postSolution
		{5C2D3CF8-272D-CF54-F618-E442B08E2F64}.Debug|Any CPU.ActiveCfg = Debug|Any CPU
		{5C2D3CF8-272D-CF54-F618-E442B08E2F64}.Debug|Any CPU.Build.0 = Debug|Any CPU
		{5C2D3CF8-272D-CF54-F618-E442B08E2F64}.Release|Any CPU.ActiveCfg = Release|Any CPU
		{5C2D3CF8-272D-CF54-F618-E442B08E2F64}.Release|Any CPU.Build.0 = Release|Any CPU
		{CE9A9E54-E46C-4A69-929F-17870DA081DA}.Debug|Any CPU.ActiveCfg = Debug|Any CPU
		{CE9A9E54-E46C-4A69-929F-17870DA081DA}.Debug|Any CPU.Build.0 = Debug|Any CPU
		{CE9A9E54-E46C-4A69-929F-17870DA081DA}.Release|Any CPU.ActiveCfg = Release|Any CPU
		{CE9A9E54-E46C-4A69-929F-17870DA081DA}.Release|Any CPU.Build.0 = Release|Any CPU
	EndGlobalSection
	GlobalSection(SolutionProperties) = preSolution
		HideSolutionNode = FALSE
	EndGlobalSection
	GlobalSection(NestedProjects) = preSolution
		{5C2D3CF8-272D-CF54-F618-E442B08E2F64} = {02EA681E-C7D8-13C7-8484-4AC65E1B71E8}
		{CE9A9E54-E46C-4A69-929F-17870DA081DA} = {02EA681E-C7D8-13C7-8484-4AC65E1B71E8}
	EndGlobalSection
	GlobalSection(ExtensibilityGlobals) = postSolution
		SolutionGuid = {69B6DE73-6956-448F-8969-71B3527DCA48}
	EndGlobalSection
EndGlobal
